
Microsoft Visual Studio Solution File, Format Version 12.00
# Visual Studio 2012
Project("{8BC9CEB8-8B4A-11D0-8D11-00A0C91BC942}") = "DeferredRendering", "DeferredRendering\DeferredRendering.vcxproj", "{FD0B9D4B-85D3-45BD-9B30-B60AFA4B55CE}"
EndProject
Global
	GlobalSection(SubversionScc) = preSolution
		Svn-Managed = True
		Manager = AnkhSVN - Subversion Support for Visual Studio
	EndGlobalSection
	GlobalSection(SolutionConfigurationPlatforms) = preSolution
		Debug|Win32 = Debug|Win32
		Release|Win32 = Release|Win32
	EndGlobalSection
	GlobalSection(ProjectConfigurationPlatforms) = postSolution
		{FD0B9D4B-85D3-45BD-9B30-B60AFA4B55CE}.Debug|Win32.ActiveCfg = Debug|Win32
		{FD0B9D4B-85D3-45BD-9B30-B60AFA4B55CE}.Debug|Win32.Build.0 = Debug|Win32
		{FD0B9D4B-85D3-45BD-9B30-B60AFA4B55CE}.Release|Win32.ActiveCfg = Release|Win32
		{FD0B9D4B-85D3-45BD-9B30-B60AFA4B55CE}.Release|Win32.Build.0 = Release|Win32
	EndGlobalSection
	GlobalSection(SolutionProperties) = preSolution
		HideSolutionNode = FALSE
	EndGlobalSection
EndGlobal
